
Microsoft Visual Studio Solution File, Format Version 11.00
# Visual Studio 2010
Project("{FAE04EC0-301F-11D3-BF4B-00C04F79EFBC}") = "DataLayer", "DataLayer\DataLayer.csproj", "{73EF7475-1533-42B2-9391-46191513DE53}"
EndProject
Project("{2150E333-8FDC-42A3-9474-1A3956D46DE8}") = "DB Scripts", "DB Scripts", "{4F85521C-AC8A-4423-905B-794210348A71}"
	ProjectSection(SolutionItems) = preProject
		DB_Scripts\db_drop_create_scirpt.sql = DB_Scripts\db_drop_create_scirpt.sql
	EndProjectSection
EndProject
Project("{FAE04EC0-301F-11D3-BF4B-00C04F79EFBC}") = "BusinessLayer", "BusinessLayer\BusinessLayer.csproj", "{68DFBC14-486B-402C-8658-29970904DFBE}"
EndProject
Project("{FAE04EC0-301F-11D3-BF4B-00C04F79EFBC}") = "WebLayer", "WebLayer\WebLayer.csproj", "{BA9FD373-E325-492A-B29E-C1B8A212B175}"
EndProject
Project("{FAE04EC0-301F-11D3-BF4B-00C04F79EFBC}") = "Resources", "Resources\Resources.csproj", "{289F2C31-F2D9-45D0-B954-884D8F7D14B4}"
EndProject
Global
	GlobalSection(SubversionScc) = preSolution
		Svn-Managed = True
		Manager = AnkhSVN - Subversion Support for Visual Studio
	EndGlobalSection
	GlobalSection(SolutionConfigurationPlatforms) = preSolution
		Debug|Any CPU = Debug|Any CPU
		Release|Any CPU = Release|Any CPU
	EndGlobalSection
	GlobalSection(ProjectConfigurationPlatforms) = postSolution
		{73EF7475-1533-42B2-9391-46191513DE53}.Debug|Any CPU.ActiveCfg = Debug|Any CPU
		{73EF7475-1533-42B2-9391-46191513DE53}.Debug|Any CPU.Build.0 = Debug|Any CPU
		{73EF7475-1533-42B2-9391-46191513DE53}.Release|Any CPU.ActiveCfg = Release|Any CPU
		{73EF7475-1533-42B2-9391-46191513DE53}.Release|Any CPU.Build.0 = Release|Any CPU
		{68DFBC14-486B-402C-8658-29970904DFBE}.Debug|Any CPU.ActiveCfg = Debug|Any CPU
		{68DFBC14-486B-402C-8658-29970904DFBE}.Debug|Any CPU.Build.0 = Debug|Any CPU
		{68DFBC14-486B-402C-8658-29970904DFBE}.Release|Any CPU.ActiveCfg = Release|Any CPU
		{68DFBC14-486B-402C-8658-29970904DFBE}.Release|Any CPU.Build.0 = Release|Any CPU
		{BA9FD373-E325-492A-B29E-C1B8A212B175}.Debug|Any CPU.ActiveCfg = Debug|Any CPU
		{BA9FD373-E325-492A-B29E-C1B8A212B175}.Debug|Any CPU.Build.0 = Debug|Any CPU
		{BA9FD373-E325-492A-B29E-C1B8A212B175}.Release|Any CPU.ActiveCfg = Release|Any CPU
		{BA9FD373-E325-492A-B29E-C1B8A212B175}.Release|Any CPU.Build.0 = Release|Any CPU
		{289F2C31-F2D9-45D0-B954-884D8F7D14B4}.Debug|Any CPU.ActiveCfg = Debug|Any CPU
		{289F2C31-F2D9-45D0-B954-884D8F7D14B4}.Debug|Any CPU.Build.0 = Debug|Any CPU
		{289F2C31-F2D9-45D0-B954-884D8F7D14B4}.Release|Any CPU.ActiveCfg = Release|Any CPU
		{289F2C31-F2D9-45D0-B954-884D8F7D14B4}.Release|Any CPU.Build.0 = Release|Any CPU
	EndGlobalSection
	GlobalSection(SolutionProperties) = preSolution
		HideSolutionNode = FALSE
	EndGlobalSection
EndGlobal
